# This file is automatically @generated by Wally.
# It is not intended for manual editing.
registry = "test"

[[package]]
name = "elttob/fusion"
version = "0.2.0"
dependencies = []

[[package]]
name = "virtualbutfake/fusion-utils"
version = "0.1.2"
dependencies = [["fusion", "elttob/fusion@0.2.0"]]

[[package]]
name = "virtualbutfake/tailwind"
version = "0.1.1"
dependencies = []

[[package]]
name = "virtualbutfake/theme-framework"
version = "0.1.2"
dependencies = [["fusion", "elttob/fusion@0.2.0"], ["fusionUtils", "virtualbutfake/fusion-utils@0.1.2"], ["tailwind", "virtualbutfake/tailwind@0.1.1"]]
